
Microsoft Visual Studio Solution File, Format Version 12.00
# Visual Studio 15
VisualStudioVersion = 15.0.27428.2037
MinimumVisualStudioVersion = 10.0.40219.1
Project("{FAE04EC0-301F-11D3-BF4B-00C04F79EFBC}") = "GalaxyZooTouchTable", "GalaxyZooTouchTable\GalaxyZooTouchTable.csproj", "{5C767B76-0D94-4520-B639-6FF05EFF077D}"
EndProject
Project("{54435603-DBB4-11D2-8724-00A0C9A8B90C}") = "GalaxyZooTouchTable_setup", "GalaxyZooTouchTable_setup\GalaxyZooTouchTable_setup.vdproj", "{A2C096EB-A63E-4F62-88ED-E145CFF26EC4}"
EndProject
Global
	GlobalSection(SolutionConfigurationPlatforms) = preSolution
		Debug|Any CPU = Debug|Any CPU
		Release|Any CPU = Release|Any CPU
	EndGlobalSection
	GlobalSection(ProjectConfigurationPlatforms) = postSolution
		{5C767B76-0D94-4520-B639-6FF05EFF077D}.Debug|Any CPU.ActiveCfg = Debug|Any CPU
		{5C767B76-0D94-4520-B639-6FF05EFF077D}.Debug|Any CPU.Build.0 = Debug|Any CPU
		{5C767B76-0D94-4520-B639-6FF05EFF077D}.Release|Any CPU.ActiveCfg = Release|Any CPU
		{5C767B76-0D94-4520-B639-6FF05EFF077D}.Release|Any CPU.Build.0 = Release|Any CPU
		{A2C096EB-A63E-4F62-88ED-E145CFF26EC4}.Debug|Any CPU.ActiveCfg = Debug
		{A2C096EB-A63E-4F62-88ED-E145CFF26EC4}.Release|Any CPU.ActiveCfg = Release
	EndGlobalSection
	GlobalSection(SolutionProperties) = preSolution
		HideSolutionNode = FALSE
	EndGlobalSection
	GlobalSection(ExtensibilityGlobals) = postSolution
		SolutionGuid = {5F68CD95-8968-4C3A-84F6-AE0D2A3D1ACB}
	EndGlobalSection
EndGlobal
