
Microsoft Visual Studio Solution File, Format Version 12.00
# Visual Studio 15
VisualStudioVersion = 15.0.27428.2037
MinimumVisualStudioVersion = 10.0.40219.1
Project("{FAE04EC0-301F-11D3-BF4B-00C04F79EFBC}") = "GalaxyZooTouchTable", "GalaxyZooTouchTable\GalaxyZooTouchTable.csproj", "{5C767B76-0D94-4520-B639-6FF05EFF077D}"
EndProject
Project("{FAE04EC0-301F-11D3-BF4B-00C04F79EFBC}") = "GalaxyZooTouchTable.Tests", "GalaxyZooTouchTable.Tests\GalaxyZooTouchTable.Tests.csproj", "{689F7C53-F51E-4A18-871F-E04E67B29F7A}"
EndProject
Project("{FAE04EC0-301F-11D3-BF4B-00C04F79EFBC}") = "PanoptesNetClient", "..\..\panoptes-net-client\PanoptesNetClient\PanoptesNetClient\PanoptesNetClient.csproj", "{B68A3599-51B8-40E1-9006-D6D4601C42FA}"
EndProject
Global
	GlobalSection(SolutionConfigurationPlatforms) = preSolution
		Debug|Any CPU = Debug|Any CPU
		Release|Any CPU = Release|Any CPU
	EndGlobalSection
	GlobalSection(ProjectConfigurationPlatforms) = postSolution
		{5C767B76-0D94-4520-B639-6FF05EFF077D}.Debug|Any CPU.ActiveCfg = Debug|Any CPU
		{5C767B76-0D94-4520-B639-6FF05EFF077D}.Debug|Any CPU.Build.0 = Debug|Any CPU
		{5C767B76-0D94-4520-B639-6FF05EFF077D}.Release|Any CPU.ActiveCfg = Release|Any CPU
		{5C767B76-0D94-4520-B639-6FF05EFF077D}.Release|Any CPU.Build.0 = Release|Any CPU
		{689F7C53-F51E-4A18-871F-E04E67B29F7A}.Debug|Any CPU.ActiveCfg = Debug|Any CPU
		{689F7C53-F51E-4A18-871F-E04E67B29F7A}.Debug|Any CPU.Build.0 = Debug|Any CPU
		{689F7C53-F51E-4A18-871F-E04E67B29F7A}.Release|Any CPU.ActiveCfg = Release|Any CPU
		{689F7C53-F51E-4A18-871F-E04E67B29F7A}.Release|Any CPU.Build.0 = Release|Any CPU
		{B68A3599-51B8-40E1-9006-D6D4601C42FA}.Debug|Any CPU.ActiveCfg = Debug|Any CPU
		{B68A3599-51B8-40E1-9006-D6D4601C42FA}.Debug|Any CPU.Build.0 = Debug|Any CPU
		{B68A3599-51B8-40E1-9006-D6D4601C42FA}.Release|Any CPU.ActiveCfg = Release|Any CPU
		{B68A3599-51B8-40E1-9006-D6D4601C42FA}.Release|Any CPU.Build.0 = Release|Any CPU
	EndGlobalSection
	GlobalSection(SolutionProperties) = preSolution
		HideSolutionNode = FALSE
	EndGlobalSection
	GlobalSection(ExtensibilityGlobals) = postSolution
		SolutionGuid = {5F68CD95-8968-4C3A-84F6-AE0D2A3D1ACB}
	EndGlobalSection
EndGlobal
